// !$*UTF8*$!
{
	archiveVersion = 1;
	classes = {
	};
	objectVersion = 51;
	objects = {

/* Begin PBXBuildFile section */
		1DF5C890BD78F21F96401A61 /* Pods_GameOfThrones.framework in Frameworks */ = {isa = PBXBuildFile; fileRef = 250EF17C78B4A74E388BB63A /* Pods_GameOfThrones.framework */; };
		751FEF58269585360004A32F /* HouseTableViewCell.swift in Sources */ = {isa = PBXBuildFile; fileRef = 751FEF57269585360004A32F /* HouseTableViewCell.swift */; };
		759E5614269302DD00E5FDF1 /* AppDelegate.swift in Sources */ = {isa = PBXBuildFile; fileRef = 759E5613269302DD00E5FDF1 /* AppDelegate.swift */; };
		759E5620269302E100E5FDF1 /* Assets.xcassets in Resources */ = {isa = PBXBuildFile; fileRef = 759E561F269302E100E5FDF1 /* Assets.xcassets */; };
		759E5623269302E100E5FDF1 /* LaunchScreen.storyboard in Resources */ = {isa = PBXBuildFile; fileRef = 759E5621269302E100E5FDF1 /* LaunchScreen.storyboard */; };
		759E562E269302E200E5FDF1 /* GameOfThronesTests.swift in Sources */ = {isa = PBXBuildFile; fileRef = 759E562D269302E200E5FDF1 /* GameOfThronesTests.swift */; };
		759E5639269302E200E5FDF1 /* GameOfThronesUITests.swift in Sources */ = {isa = PBXBuildFile; fileRef = 759E5638269302E200E5FDF1 /* GameOfThronesUITests.swift */; };
		759E564B2693051100E5FDF1 /* Endpoints.swift in Sources */ = {isa = PBXBuildFile; fileRef = 759E564A2693051100E5FDF1 /* Endpoints.swift */; };
		759E564F2693057900E5FDF1 /* Category.swift in Sources */ = {isa = PBXBuildFile; fileRef = 759E564E2693057900E5FDF1 /* Category.swift */; };
		759E56522693065200E5FDF1 /* APIManager.swift in Sources */ = {isa = PBXBuildFile; fileRef = 759E56512693065200E5FDF1 /* APIManager.swift */; };
		759E5654269306DE00E5FDF1 /* APIClient.swift in Sources */ = {isa = PBXBuildFile; fileRef = 759E5653269306DE00E5FDF1 /* APIClient.swift */; };
		759E56572693074400E5FDF1 /* CategoryService.swift in Sources */ = {isa = PBXBuildFile; fileRef = 759E56562693074400E5FDF1 /* CategoryService.swift */; };
		759E565D26930B0E00E5FDF1 /* CategoriesViewController.swift in Sources */ = {isa = PBXBuildFile; fileRef = 759E565C26930B0E00E5FDF1 /* CategoriesViewController.swift */; };
		759E565F26930C4700E5FDF1 /* CategoriesPresenter.swift in Sources */ = {isa = PBXBuildFile; fileRef = 759E565E26930C4700E5FDF1 /* CategoriesPresenter.swift */; };
		759E566126930CA900E5FDF1 /* CategoriesProtocols.swift in Sources */ = {isa = PBXBuildFile; fileRef = 759E566026930CA900E5FDF1 /* CategoriesProtocols.swift */; };
		759E566326930F4B00E5FDF1 /* CategoriesInteractor.swift in Sources */ = {isa = PBXBuildFile; fileRef = 759E566226930F4B00E5FDF1 /* CategoriesInteractor.swift */; };
		759E56652693108700E5FDF1 /* CategoriesRouter.swift in Sources */ = {isa = PBXBuildFile; fileRef = 759E56642693108700E5FDF1 /* CategoriesRouter.swift */; };
		759E56672693423800E5FDF1 /* BooksRouter.swift in Sources */ = {isa = PBXBuildFile; fileRef = 759E56662693423800E5FDF1 /* BooksRouter.swift */; };
		759E56692693424800E5FDF1 /* BooksPresenter.swift in Sources */ = {isa = PBXBuildFile; fileRef = 759E56682693424800E5FDF1 /* BooksPresenter.swift */; };
		759E566B2693425800E5FDF1 /* BooksViewController.swift in Sources */ = {isa = PBXBuildFile; fileRef = 759E566A2693425800E5FDF1 /* BooksViewController.swift */; };
		759E566D2693426A00E5FDF1 /* BooksInteractor.swift in Sources */ = {isa = PBXBuildFile; fileRef = 759E566C2693426A00E5FDF1 /* BooksInteractor.swift */; };
		759E566F2693427F00E5FDF1 /* BooksProtocols.swift in Sources */ = {isa = PBXBuildFile; fileRef = 759E566E2693427F00E5FDF1 /* BooksProtocols.swift */; };
		759E56712693438900E5FDF1 /* Book.swift in Sources */ = {isa = PBXBuildFile; fileRef = 759E56702693438900E5FDF1 /* Book.swift */; };
		759E56732693497600E5FDF1 /* CategoryDetailService.swift in Sources */ = {isa = PBXBuildFile; fileRef = 759E56722693497600E5FDF1 /* CategoryDetailService.swift */; };
		759E567526935A7F00E5FDF1 /* Character.swift in Sources */ = {isa = PBXBuildFile; fileRef = 759E567426935A7F00E5FDF1 /* Character.swift */; };
		759E567726935AC800E5FDF1 /* House.swift in Sources */ = {isa = PBXBuildFile; fileRef = 759E567626935AC800E5FDF1 /* House.swift */; };
		759E5679269441ED00E5FDF1 /* HousesPresenter.swift in Sources */ = {isa = PBXBuildFile; fileRef = 759E5678269441ED00E5FDF1 /* HousesPresenter.swift */; };
		759E567B2694427500E5FDF1 /* HousesProtocols.swift in Sources */ = {isa = PBXBuildFile; fileRef = 759E567A2694427500E5FDF1 /* HousesProtocols.swift */; };
		759E567D2694428400E5FDF1 /* HousesRouter.swift in Sources */ = {isa = PBXBuildFile; fileRef = 759E567C2694428400E5FDF1 /* HousesRouter.swift */; };
		759E567F2694429200E5FDF1 /* HousesViewController.swift in Sources */ = {isa = PBXBuildFile; fileRef = 759E567E2694429200E5FDF1 /* HousesViewController.swift */; };
		759E56812694429C00E5FDF1 /* HousesInteractor.swift in Sources */ = {isa = PBXBuildFile; fileRef = 759E56802694429C00E5FDF1 /* HousesInteractor.swift */; };
		759E5686269446F600E5FDF1 /* CharactersProtocols.swift in Sources */ = {isa = PBXBuildFile; fileRef = 759E5685269446F600E5FDF1 /* CharactersProtocols.swift */; };
		759E56882694470200E5FDF1 /* CharactersPresenter.swift in Sources */ = {isa = PBXBuildFile; fileRef = 759E56872694470200E5FDF1 /* CharactersPresenter.swift */; };
		759E568A2694471300E5FDF1 /* CharactersRouter.swift in Sources */ = {isa = PBXBuildFile; fileRef = 759E56892694471300E5FDF1 /* CharactersRouter.swift */; };
		759E568C2694472200E5FDF1 /* CharactersViewController.swift in Sources */ = {isa = PBXBuildFile; fileRef = 759E568B2694472200E5FDF1 /* CharactersViewController.swift */; };
		759E568E2694473400E5FDF1 /* CharactersInteractor.swift in Sources */ = {isa = PBXBuildFile; fileRef = 759E568D2694473400E5FDF1 /* CharactersInteractor.swift */; };
		759E56932694588400E5FDF1 /* Resources.swift in Sources */ = {isa = PBXBuildFile; fileRef = 759E56922694588400E5FDF1 /* Resources.swift */; };
/* End PBXBuildFile section */

/* Begin PBXContainerItemProxy section */
		759E562A269302E200E5FDF1 /* PBXContainerItemProxy */ = {
			isa = PBXContainerItemProxy;
			containerPortal = 759E5608269302DD00E5FDF1 /* Project object */;
			proxyType = 1;
			remoteGlobalIDString = 759E560F269302DD00E5FDF1;
			remoteInfo = GameOfThrones;
		};
		759E5635269302E200E5FDF1 /* PBXContainerItemProxy */ = {
			isa = PBXContainerItemProxy;
			containerPortal = 759E5608269302DD00E5FDF1 /* Project object */;
			proxyType = 1;
			remoteGlobalIDString = 759E560F269302DD00E5FDF1;
			remoteInfo = GameOfThrones;
		};
/* End PBXContainerItemProxy section */

/* Begin PBXFileReference section */
		250EF17C78B4A74E388BB63A /* Pods_GameOfThrones.framework */ = {isa = PBXFileReference; explicitFileType = wrapper.framework; includeInIndex = 0; path = Pods_GameOfThrones.framework; sourceTree = BUILT_PRODUCTS_DIR; };
		751FEF57269585360004A32F /* HouseTableViewCell.swift */ = {isa = PBXFileReference; lastKnownFileType = sourcecode.swift; path = HouseTableViewCell.swift; sourceTree = "<group>"; };
		759E5610269302DD00E5FDF1 /* GameOfThrones.app */ = {isa = PBXFileReference; explicitFileType = wrapper.application; includeInIndex = 0; path = GameOfThrones.app; sourceTree = BUILT_PRODUCTS_DIR; };
		759E5613269302DD00E5FDF1 /* AppDelegate.swift */ = {isa = PBXFileReference; lastKnownFileType = sourcecode.swift; path = AppDelegate.swift; sourceTree = "<group>"; };
		759E561F269302E100E5FDF1 /* Assets.xcassets */ = {isa = PBXFileReference; lastKnownFileType = folder.assetcatalog; path = Assets.xcassets; sourceTree = "<group>"; };
		759E5622269302E100E5FDF1 /* Base */ = {isa = PBXFileReference; lastKnownFileType = file.storyboard; name = Base; path = Base.lproj/LaunchScreen.storyboard; sourceTree = "<group>"; };
		759E5624269302E100E5FDF1 /* Info.plist */ = {isa = PBXFileReference; lastKnownFileType = text.plist.xml; path = Info.plist; sourceTree = "<group>"; };
		759E5629269302E200E5FDF1 /* GameOfThronesTests.xctest */ = {isa = PBXFileReference; explicitFileType = wrapper.cfbundle; includeInIndex = 0; path = GameOfThronesTests.xctest; sourceTree = BUILT_PRODUCTS_DIR; };
		759E562D269302E200E5FDF1 /* GameOfThronesTests.swift */ = {isa = PBXFileReference; lastKnownFileType = sourcecode.swift; path = GameOfThronesTests.swift; sourceTree = "<group>"; };
		759E562F269302E200E5FDF1 /* Info.plist */ = {isa = PBXFileReference; lastKnownFileType = text.plist.xml; path = Info.plist; sourceTree = "<group>"; };
		759E5634269302E200E5FDF1 /* GameOfThronesUITests.xctest */ = {isa = PBXFileReference; explicitFileType = wrapper.cfbundle; includeInIndex = 0; path = GameOfThronesUITests.xctest; sourceTree = BUILT_PRODUCTS_DIR; };
		759E5638269302E200E5FDF1 /* GameOfThronesUITests.swift */ = {isa = PBXFileReference; lastKnownFileType = sourcecode.swift; path = GameOfThronesUITests.swift; sourceTree = "<group>"; };
		759E563A269302E200E5FDF1 /* Info.plist */ = {isa = PBXFileReference; lastKnownFileType = text.plist.xml; path = Info.plist; sourceTree = "<group>"; };
		759E564A2693051100E5FDF1 /* Endpoints.swift */ = {isa = PBXFileReference; lastKnownFileType = sourcecode.swift; path = Endpoints.swift; sourceTree = "<group>"; };
		759E564E2693057900E5FDF1 /* Category.swift */ = {isa = PBXFileReference; lastKnownFileType = sourcecode.swift; path = Category.swift; sourceTree = "<group>"; };
		759E56512693065200E5FDF1 /* APIManager.swift */ = {isa = PBXFileReference; lastKnownFileType = sourcecode.swift; path = APIManager.swift; sourceTree = "<group>"; };
		759E5653269306DE00E5FDF1 /* APIClient.swift */ = {isa = PBXFileReference; lastKnownFileType = sourcecode.swift; path = APIClient.swift; sourceTree = "<group>"; };
		759E56562693074400E5FDF1 /* CategoryService.swift */ = {isa = PBXFileReference; lastKnownFileType = sourcecode.swift; path = CategoryService.swift; sourceTree = "<group>"; };
		759E565C26930B0E00E5FDF1 /* CategoriesViewController.swift */ = {isa = PBXFileReference; lastKnownFileType = sourcecode.swift; path = CategoriesViewController.swift; sourceTree = "<group>"; };
		759E565E26930C4700E5FDF1 /* CategoriesPresenter.swift */ = {isa = PBXFileReference; lastKnownFileType = sourcecode.swift; path = CategoriesPresenter.swift; sourceTree = "<group>"; };
		759E566026930CA900E5FDF1 /* CategoriesProtocols.swift */ = {isa = PBXFileReference; lastKnownFileType = sourcecode.swift; path = CategoriesProtocols.swift; sourceTree = "<group>"; };
		759E566226930F4B00E5FDF1 /* CategoriesInteractor.swift */ = {isa = PBXFileReference; lastKnownFileType = sourcecode.swift; path = CategoriesInteractor.swift; sourceTree = "<group>"; };
		759E56642693108700E5FDF1 /* CategoriesRouter.swift */ = {isa = PBXFileReference; lastKnownFileType = sourcecode.swift; path = CategoriesRouter.swift; sourceTree = "<group>"; };
		759E56662693423800E5FDF1 /* BooksRouter.swift */ = {isa = PBXFileReference; lastKnownFileType = sourcecode.swift; path = BooksRouter.swift; sourceTree = "<group>"; };
		759E56682693424800E5FDF1 /* BooksPresenter.swift */ = {isa = PBXFileReference; lastKnownFileType = sourcecode.swift; path = BooksPresenter.swift; sourceTree = "<group>"; };
		759E566A2693425800E5FDF1 /* BooksViewController.swift */ = {isa = PBXFileReference; lastKnownFileType = sourcecode.swift; path = BooksViewController.swift; sourceTree = "<group>"; };
		759E566C2693426A00E5FDF1 /* BooksInteractor.swift */ = {isa = PBXFileReference; lastKnownFileType = sourcecode.swift; path = BooksInteractor.swift; sourceTree = "<group>"; };
		759E566E2693427F00E5FDF1 /* BooksProtocols.swift */ = {isa = PBXFileReference; lastKnownFileType = sourcecode.swift; path = BooksProtocols.swift; sourceTree = "<group>"; };
		759E56702693438900E5FDF1 /* Book.swift */ = {isa = PBXFileReference; lastKnownFileType = sourcecode.swift; path = Book.swift; sourceTree = "<group>"; };
		759E56722693497600E5FDF1 /* CategoryDetailService.swift */ = {isa = PBXFileReference; lastKnownFileType = sourcecode.swift; path = CategoryDetailService.swift; sourceTree = "<group>"; };
		759E567426935A7F00E5FDF1 /* Character.swift */ = {isa = PBXFileReference; lastKnownFileType = sourcecode.swift; path = Character.swift; sourceTree = "<group>"; };
		759E567626935AC800E5FDF1 /* House.swift */ = {isa = PBXFileReference; lastKnownFileType = sourcecode.swift; path = House.swift; sourceTree = "<group>"; };
		759E5678269441ED00E5FDF1 /* HousesPresenter.swift */ = {isa = PBXFileReference; lastKnownFileType = sourcecode.swift; path = HousesPresenter.swift; sourceTree = "<group>"; };
		759E567A2694427500E5FDF1 /* HousesProtocols.swift */ = {isa = PBXFileReference; lastKnownFileType = sourcecode.swift; path = HousesProtocols.swift; sourceTree = "<group>"; };
		759E567C2694428400E5FDF1 /* HousesRouter.swift */ = {isa = PBXFileReference; lastKnownFileType = sourcecode.swift; path = HousesRouter.swift; sourceTree = "<group>"; };
		759E567E2694429200E5FDF1 /* HousesViewController.swift */ = {isa = PBXFileReference; lastKnownFileType = sourcecode.swift; path = HousesViewController.swift; sourceTree = "<group>"; };
		759E56802694429C00E5FDF1 /* HousesInteractor.swift */ = {isa = PBXFileReference; lastKnownFileType = sourcecode.swift; path = HousesInteractor.swift; sourceTree = "<group>"; };
		759E5685269446F600E5FDF1 /* CharactersProtocols.swift */ = {isa = PBXFileReference; lastKnownFileType = sourcecode.swift; path = CharactersProtocols.swift; sourceTree = "<group>"; };
		759E56872694470200E5FDF1 /* CharactersPresenter.swift */ = {isa = PBXFileReference; lastKnownFileType = sourcecode.swift; path = CharactersPresenter.swift; sourceTree = "<group>"; };
		759E56892694471300E5FDF1 /* CharactersRouter.swift */ = {isa = PBXFileReference; lastKnownFileType = sourcecode.swift; path = CharactersRouter.swift; sourceTree = "<group>"; };
		759E568B2694472200E5FDF1 /* CharactersViewController.swift */ = {isa = PBXFileReference; lastKnownFileType = sourcecode.swift; path = CharactersViewController.swift; sourceTree = "<group>"; };
		759E568D2694473400E5FDF1 /* CharactersInteractor.swift */ = {isa = PBXFileReference; lastKnownFileType = sourcecode.swift; path = CharactersInteractor.swift; sourceTree = "<group>"; };
		759E56922694588400E5FDF1 /* Resources.swift */ = {isa = PBXFileReference; lastKnownFileType = sourcecode.swift; path = Resources.swift; sourceTree = "<group>"; };
		76D48649896925ACF5211149 /* Pods-GameOfThrones.release.xcconfig */ = {isa = PBXFileReference; includeInIndex = 1; lastKnownFileType = text.xcconfig; name = "Pods-GameOfThrones.release.xcconfig"; path = "Target Support Files/Pods-GameOfThrones/Pods-GameOfThrones.release.xcconfig"; sourceTree = "<group>"; };
		EFECFBF2361BED592715527A /* Pods-GameOfThrones.debug.xcconfig */ = {isa = PBXFileReference; includeInIndex = 1; lastKnownFileType = text.xcconfig; name = "Pods-GameOfThrones.debug.xcconfig"; path = "Target Support Files/Pods-GameOfThrones/Pods-GameOfThrones.debug.xcconfig"; sourceTree = "<group>"; };
/* End PBXFileReference section */

/* Begin PBXFrameworksBuildPhase section */
		759E560D269302DD00E5FDF1 /* Frameworks */ = {
			isa = PBXFrameworksBuildPhase;
			buildActionMask = 2147483647;
			files = (
				1DF5C890BD78F21F96401A61 /* Pods_GameOfThrones.framework in Frameworks */,
			);
			runOnlyForDeploymentPostprocessing = 0;
		};
		759E5626269302E200E5FDF1 /* Frameworks */ = {
			isa = PBXFrameworksBuildPhase;
			buildActionMask = 2147483647;
			files = (
			);
			runOnlyForDeploymentPostprocessing = 0;
		};
		759E5631269302E200E5FDF1 /* Frameworks */ = {
			isa = PBXFrameworksBuildPhase;
			buildActionMask = 2147483647;
			files = (
			);
			runOnlyForDeploymentPostprocessing = 0;
		};
/* End PBXFrameworksBuildPhase section */

/* Begin PBXGroup section */
		3752ADAC9CAA35F206F91360 /* Pods */ = {
			isa = PBXGroup;
			children = (
				EFECFBF2361BED592715527A /* Pods-GameOfThrones.debug.xcconfig */,
				76D48649896925ACF5211149 /* Pods-GameOfThrones.release.xcconfig */,
			);
			path = Pods;
			sourceTree = "<group>";
		};
		751FEF56269585140004A32F /* View */ = {
			isa = PBXGroup;
			children = (
				751FEF57269585360004A32F /* HouseTableViewCell.swift */,
			);
			path = View;
			sourceTree = "<group>";
		};
		759E5607269302DD00E5FDF1 = {
			isa = PBXGroup;
			children = (
				759E5612269302DD00E5FDF1 /* GameOfThrones */,
				759E562C269302E200E5FDF1 /* GameOfThronesTests */,
				759E5637269302E200E5FDF1 /* GameOfThronesUITests */,
				759E5611269302DD00E5FDF1 /* Products */,
				3752ADAC9CAA35F206F91360 /* Pods */,
				DD6FFEC245A3FF3162001E41 /* Frameworks */,
			);
			sourceTree = "<group>";
		};
		759E5611269302DD00E5FDF1 /* Products */ = {
			isa = PBXGroup;
			children = (
				759E5610269302DD00E5FDF1 /* GameOfThrones.app */,
				759E5629269302E200E5FDF1 /* GameOfThronesTests.xctest */,
				759E5634269302E200E5FDF1 /* GameOfThronesUITests.xctest */,
			);
			name = Products;
			sourceTree = "<group>";
		};
		759E5612269302DD00E5FDF1 /* GameOfThrones */ = {
			isa = PBXGroup;
			children = (
				759E56902694547600E5FDF1 /* Networking */,
				759E568F2694544900E5FDF1 /* Clases */,
				759E5613269302DD00E5FDF1 /* AppDelegate.swift */,
				759E561F269302E100E5FDF1 /* Assets.xcassets */,
				759E5621269302E100E5FDF1 /* LaunchScreen.storyboard */,
				759E5624269302E100E5FDF1 /* Info.plist */,
			);
			path = GameOfThrones;
			sourceTree = "<group>";
		};
		759E562C269302E200E5FDF1 /* GameOfThronesTests */ = {
			isa = PBXGroup;
			children = (
				759E562D269302E200E5FDF1 /* GameOfThronesTests.swift */,
				759E562F269302E200E5FDF1 /* Info.plist */,
			);
			path = GameOfThronesTests;
			sourceTree = "<group>";
		};
		759E5637269302E200E5FDF1 /* GameOfThronesUITests */ = {
			isa = PBXGroup;
			children = (
				759E5638269302E200E5FDF1 /* GameOfThronesUITests.swift */,
				759E563A269302E200E5FDF1 /* Info.plist */,
			);
			path = GameOfThronesUITests;
			sourceTree = "<group>";
		};
		759E56502693063000E5FDF1 /* Managers & Endpoints */ = {
			isa = PBXGroup;
			children = (
				759E56922694588400E5FDF1 /* Resources.swift */,
				759E564A2693051100E5FDF1 /* Endpoints.swift */,
				759E56512693065200E5FDF1 /* APIManager.swift */,
				759E5653269306DE00E5FDF1 /* APIClient.swift */,
			);
			path = "Managers & Endpoints";
			sourceTree = "<group>";
		};
		759E56552693072000E5FDF1 /* Services */ = {
			isa = PBXGroup;
			children = (
				759E56562693074400E5FDF1 /* CategoryService.swift */,
				759E56722693497600E5FDF1 /* CategoryDetailService.swift */,
			);
			path = Services;
			sourceTree = "<group>";
		};
		759E56582693089100E5FDF1 /* Categories */ = {
			isa = PBXGroup;
			children = (
				759E566026930CA900E5FDF1 /* CategoriesProtocols.swift */,
				759E565E26930C4700E5FDF1 /* CategoriesPresenter.swift */,
				759E56642693108700E5FDF1 /* CategoriesRouter.swift */,
				759E565C26930B0E00E5FDF1 /* CategoriesViewController.swift */,
				759E566226930F4B00E5FDF1 /* CategoriesInteractor.swift */,
			);
			path = Categories;
			sourceTree = "<group>";
		};
		759E56592693095E00E5FDF1 /* Books */ = {
			isa = PBXGroup;
			children = (
				759E566E2693427F00E5FDF1 /* BooksProtocols.swift */,
				759E56682693424800E5FDF1 /* BooksPresenter.swift */,
				759E56662693423800E5FDF1 /* BooksRouter.swift */,
				759E566A2693425800E5FDF1 /* BooksViewController.swift */,
				759E566C2693426A00E5FDF1 /* BooksInteractor.swift */,
			);
			path = Books;
			sourceTree = "<group>";
		};
		759E565A2693096800E5FDF1 /* Houses */ = {
			isa = PBXGroup;
			children = (
				751FEF56269585140004A32F /* View */,
				759E567A2694427500E5FDF1 /* HousesProtocols.swift */,
				759E5678269441ED00E5FDF1 /* HousesPresenter.swift */,
				759E567C2694428400E5FDF1 /* HousesRouter.swift */,
				759E567E2694429200E5FDF1 /* HousesViewController.swift */,
				759E56802694429C00E5FDF1 /* HousesInteractor.swift */,
			);
			path = Houses;
			sourceTree = "<group>";
		};
		759E5684269446DA00E5FDF1 /* Characters */ = {
			isa = PBXGroup;
			children = (
				759E5685269446F600E5FDF1 /* CharactersProtocols.swift */,
				759E56872694470200E5FDF1 /* CharactersPresenter.swift */,
				759E56892694471300E5FDF1 /* CharactersRouter.swift */,
				759E568B2694472200E5FDF1 /* CharactersViewController.swift */,
				759E568D2694473400E5FDF1 /* CharactersInteractor.swift */,
			);
			path = Characters;
			sourceTree = "<group>";
		};
		759E568F2694544900E5FDF1 /* Clases */ = {
			isa = PBXGroup;
			children = (
				759E5684269446DA00E5FDF1 /* Characters */,
				759E565A2693096800E5FDF1 /* Houses */,
				759E56592693095E00E5FDF1 /* Books */,
				759E56582693089100E5FDF1 /* Categories */,
			);
			path = Clases;
			sourceTree = "<group>";
		};
		759E56902694547600E5FDF1 /* Networking */ = {
			isa = PBXGroup;
			children = (
				759E5691269454CB00E5FDF1 /* Entities */,
				759E56552693072000E5FDF1 /* Services */,
				759E56502693063000E5FDF1 /* Managers & Endpoints */,
			);
			path = Networking;
			sourceTree = "<group>";
		};
		759E5691269454CB00E5FDF1 /* Entities */ = {
			isa = PBXGroup;
			children = (
				759E564E2693057900E5FDF1 /* Category.swift */,
				759E56702693438900E5FDF1 /* Book.swift */,
				759E567426935A7F00E5FDF1 /* Character.swift */,
				759E567626935AC800E5FDF1 /* House.swift */,
			);
			path = Entities;
			sourceTree = "<group>";
		};
		DD6FFEC245A3FF3162001E41 /* Frameworks */ = {
			isa = PBXGroup;
			children = (
				250EF17C78B4A74E388BB63A /* Pods_GameOfThrones.framework */,
			);
			name = Frameworks;
			sourceTree = "<group>";
		};
/* End PBXGroup section */

/* Begin PBXNativeTarget section */
		759E560F269302DD00E5FDF1 /* GameOfThrones */ = {
			isa = PBXNativeTarget;
			buildConfigurationList = 759E563D269302E200E5FDF1 /* Build configuration list for PBXNativeTarget "GameOfThrones" */;
			buildPhases = (
				9975A01C0270FD5D3F4D05B9 /* [CP] Check Pods Manifest.lock */,
				759E560C269302DD00E5FDF1 /* Sources */,
				759E560D269302DD00E5FDF1 /* Frameworks */,
				759E560E269302DD00E5FDF1 /* Resources */,
				8F0C54676CBD29EFF96C09DB /* [CP] Embed Pods Frameworks */,
			);
			buildRules = (
			);
			dependencies = (
			);
			name = GameOfThrones;
			productName = GameOfThrones;
			productReference = 759E5610269302DD00E5FDF1 /* GameOfThrones.app */;
			productType = "com.apple.product-type.application";
		};
		759E5628269302E200E5FDF1 /* GameOfThronesTests */ = {
			isa = PBXNativeTarget;
			buildConfigurationList = 759E5640269302E200E5FDF1 /* Build configuration list for PBXNativeTarget "GameOfThronesTests" */;
			buildPhases = (
				759E5625269302E200E5FDF1 /* Sources */,
				759E5626269302E200E5FDF1 /* Frameworks */,
				759E5627269302E200E5FDF1 /* Resources */,
			);
			buildRules = (
			);
			dependencies = (
				759E562B269302E200E5FDF1 /* PBXTargetDependency */,
			);
			name = GameOfThronesTests;
			productName = GameOfThronesTests;
			productReference = 759E5629269302E200E5FDF1 /* GameOfThronesTests.xctest */;
			productType = "com.apple.product-type.bundle.unit-test";
		};
		759E5633269302E200E5FDF1 /* GameOfThronesUITests */ = {
			isa = PBXNativeTarget;
			buildConfigurationList = 759E5643269302E200E5FDF1 /* Build configuration list for PBXNativeTarget "GameOfThronesUITests" */;
			buildPhases = (
				759E5630269302E200E5FDF1 /* Sources */,
				759E5631269302E200E5FDF1 /* Frameworks */,
				759E5632269302E200E5FDF1 /* Resources */,
			);
			buildRules = (
			);
			dependencies = (
				759E5636269302E200E5FDF1 /* PBXTargetDependency */,
			);
			name = GameOfThronesUITests;
			productName = GameOfThronesUITests;
			productReference = 759E5634269302E200E5FDF1 /* GameOfThronesUITests.xctest */;
			productType = "com.apple.product-type.bundle.ui-testing";
		};
/* End PBXNativeTarget section */

/* Begin PBXProject section */
		759E5608269302DD00E5FDF1 /* Project object */ = {
			isa = PBXProject;
			attributes = {
				LastSwiftUpdateCheck = 1250;
				LastUpgradeCheck = 1250;
				TargetAttributes = {
					759E560F269302DD00E5FDF1 = {
						CreatedOnToolsVersion = 12.5.1;
					};
					759E5628269302E200E5FDF1 = {
						CreatedOnToolsVersion = 12.5.1;
						TestTargetID = 759E560F269302DD00E5FDF1;
					};
					759E5633269302E200E5FDF1 = {
						CreatedOnToolsVersion = 12.5.1;
						TestTargetID = 759E560F269302DD00E5FDF1;
					};
				};
			};
			buildConfigurationList = 759E560B269302DD00E5FDF1 /* Build configuration list for PBXProject "GameOfThrones" */;
			compatibilityVersion = "Xcode 9.3";
			developmentRegion = en;
			hasScannedForEncodings = 0;
			knownRegions = (
				en,
				Base,
			);
			mainGroup = 759E5607269302DD00E5FDF1;
			productRefGroup = 759E5611269302DD00E5FDF1 /* Products */;
			projectDirPath = "";
			projectRoot = "";
			targets = (
				759E560F269302DD00E5FDF1 /* GameOfThrones */,
				759E5628269302E200E5FDF1 /* GameOfThronesTests */,
				759E5633269302E200E5FDF1 /* GameOfThronesUITests */,
			);
		};
/* End PBXProject section */

/* Begin PBXResourcesBuildPhase section */
		759E560E269302DD00E5FDF1 /* Resources */ = {
			isa = PBXResourcesBuildPhase;
			buildActionMask = 2147483647;
			files = (
				759E5623269302E100E5FDF1 /* LaunchScreen.storyboard in Resources */,
				759E5620269302E100E5FDF1 /* Assets.xcassets in Resources */,
			);
			runOnlyForDeploymentPostprocessing = 0;
		};
		759E5627269302E200E5FDF1 /* Resources */ = {
			isa = PBXResourcesBuildPhase;
			buildActionMask = 2147483647;
			files = (
			);
			runOnlyForDeploymentPostprocessing = 0;
		};
		759E5632269302E200E5FDF1 /* Resources */ = {
			isa = PBXResourcesBuildPhase;
			buildActionMask = 2147483647;
			files = (
			);
			runOnlyForDeploymentPostprocessing = 0;
		};
/* End PBXResourcesBuildPhase section */

/* Begin PBXShellScriptBuildPhase section */
		8F0C54676CBD29EFF96C09DB /* [CP] Embed Pods Frameworks */ = {
			isa = PBXShellScriptBuildPhase;
			buildActionMask = 2147483647;
			files = (
			);
			inputFileListPaths = (
				"${PODS_ROOT}/Target Support Files/Pods-GameOfThrones/Pods-GameOfThrones-frameworks-${CONFIGURATION}-input-files.xcfilelist",
			);
			name = "[CP] Embed Pods Frameworks";
			outputFileListPaths = (
				"${PODS_ROOT}/Target Support Files/Pods-GameOfThrones/Pods-GameOfThrones-frameworks-${CONFIGURATION}-output-files.xcfilelist",
			);
			runOnlyForDeploymentPostprocessing = 0;
			shellPath = /bin/sh;
			shellScript = "\"${PODS_ROOT}/Target Support Files/Pods-GameOfThrones/Pods-GameOfThrones-frameworks.sh\"\n";
			showEnvVarsInLog = 0;
		};
		9975A01C0270FD5D3F4D05B9 /* [CP] Check Pods Manifest.lock */ = {
			isa = PBXShellScriptBuildPhase;
			buildActionMask = 2147483647;
			files = (
			);
			inputFileListPaths = (
			);
			inputPaths = (
				"${PODS_PODFILE_DIR_PATH}/Podfile.lock",
				"${PODS_ROOT}/Manifest.lock",
			);
			name = "[CP] Check Pods Manifest.lock";
			outputFileListPaths = (
			);
			outputPaths = (
				"$(DERIVED_FILE_DIR)/Pods-GameOfThrones-checkManifestLockResult.txt",
			);
			runOnlyForDeploymentPostprocessing = 0;
			shellPath = /bin/sh;
			shellScript = "diff \"${PODS_PODFILE_DIR_PATH}/Podfile.lock\" \"${PODS_ROOT}/Manifest.lock\" > /dev/null\nif [ $? != 0 ] ; then\n    # print error to STDERR\n    echo \"error: The sandbox is not in sync with the Podfile.lock. Run 'pod install' or update your CocoaPods installation.\" >&2\n    exit 1\nfi\n# This output is used by Xcode 'outputs' to avoid re-running this script phase.\necho \"SUCCESS\" > \"${SCRIPT_OUTPUT_FILE_0}\"\n";
			showEnvVarsInLog = 0;
		};
/* End PBXShellScriptBuildPhase section */

/* Begin PBXSourcesBuildPhase section */
		759E560C269302DD00E5FDF1 /* Sources */ = {
			isa = PBXSourcesBuildPhase;
			buildActionMask = 2147483647;
			files = (
				759E56882694470200E5FDF1 /* CharactersPresenter.swift in Sources */,
				759E567F2694429200E5FDF1 /* HousesViewController.swift in Sources */,
				759E566326930F4B00E5FDF1 /* CategoriesInteractor.swift in Sources */,
				759E5614269302DD00E5FDF1 /* AppDelegate.swift in Sources */,
				759E56932694588400E5FDF1 /* Resources.swift in Sources */,
				759E56572693074400E5FDF1 /* CategoryService.swift in Sources */,
				759E567B2694427500E5FDF1 /* HousesProtocols.swift in Sources */,
				759E56732693497600E5FDF1 /* CategoryDetailService.swift in Sources */,
				759E568C2694472200E5FDF1 /* CharactersViewController.swift in Sources */,
				759E565D26930B0E00E5FDF1 /* CategoriesViewController.swift in Sources */,
				759E566B2693425800E5FDF1 /* BooksViewController.swift in Sources */,
				759E56812694429C00E5FDF1 /* HousesInteractor.swift in Sources */,
				759E567726935AC800E5FDF1 /* House.swift in Sources */,
				759E567526935A7F00E5FDF1 /* Character.swift in Sources */,
				751FEF58269585360004A32F /* HouseTableViewCell.swift in Sources */,
				759E568A2694471300E5FDF1 /* CharactersRouter.swift in Sources */,
				759E5654269306DE00E5FDF1 /* APIClient.swift in Sources */,
				759E565F26930C4700E5FDF1 /* CategoriesPresenter.swift in Sources */,
				759E568E2694473400E5FDF1 /* CharactersInteractor.swift in Sources */,
				759E566126930CA900E5FDF1 /* CategoriesProtocols.swift in Sources */,
				759E566D2693426A00E5FDF1 /* BooksInteractor.swift in Sources */,
				759E5679269441ED00E5FDF1 /* HousesPresenter.swift in Sources */,
				759E56672693423800E5FDF1 /* BooksRouter.swift in Sources */,
				759E564B2693051100E5FDF1 /* Endpoints.swift in Sources */,
				759E564F2693057900E5FDF1 /* Category.swift in Sources */,
				759E56652693108700E5FDF1 /* CategoriesRouter.swift in Sources */,
				759E56712693438900E5FDF1 /* Book.swift in Sources */,
				759E56522693065200E5FDF1 /* APIManager.swift in Sources */,
				759E5686269446F600E5FDF1 /* CharactersProtocols.swift in Sources */,
				759E567D2694428400E5FDF1 /* HousesRouter.swift in Sources */,
				759E56692693424800E5FDF1 /* BooksPresenter.swift in Sources */,
				759E566F2693427F00E5FDF1 /* BooksProtocols.swift in Sources */,
			);
			runOnlyForDeploymentPostprocessing = 0;
		};
		759E5625269302E200E5FDF1 /* Sources */ = {
			isa = PBXSourcesBuildPhase;
			buildActionMask = 2147483647;
			files = (
				759E562E269302E200E5FDF1 /* GameOfThronesTests.swift in Sources */,
			);
			runOnlyForDeploymentPostprocessing = 0;
		};
		759E5630269302E200E5FDF1 /* Sources */ = {
			isa = PBXSourcesBuildPhase;
			buildActionMask = 2147483647;
			files = (
				759E5639269302E200E5FDF1 /* GameOfThronesUITests.swift in Sources */,
			);
			runOnlyForDeploymentPostprocessing = 0;
		};
/* End PBXSourcesBuildPhase section */

/* Begin PBXTargetDependency section */
		759E562B269302E200E5FDF1 /* PBXTargetDependency */ = {
			isa = PBXTargetDependency;
			target = 759E560F269302DD00E5FDF1 /* GameOfThrones */;
			targetProxy = 759E562A269302E200E5FDF1 /* PBXContainerItemProxy */;
		};
		759E5636269302E200E5FDF1 /* PBXTargetDependency */ = {
			isa = PBXTargetDependency;
			target = 759E560F269302DD00E5FDF1 /* GameOfThrones */;
			targetProxy = 759E5635269302E200E5FDF1 /* PBXContainerItemProxy */;
		};
/* End PBXTargetDependency section */

/* Begin PBXVariantGroup section */
		759E5621269302E100E5FDF1 /* LaunchScreen.storyboard */ = {
			isa = PBXVariantGroup;
			children = (
				759E5622269302E100E5FDF1 /* Base */,
			);
			name = LaunchScreen.storyboard;
			sourceTree = "<group>";
		};
/* End PBXVariantGroup section */

/* Begin XCBuildConfiguration section */
		759E563B269302E200E5FDF1 /* Debug */ = {
			isa = XCBuildConfiguration;
			buildSettings = {
				ALWAYS_SEARCH_USER_PATHS = NO;
				CLANG_ANALYZER_NONNULL = YES;
				CLANG_ANALYZER_NUMBER_OBJECT_CONVERSION = YES_AGGRESSIVE;
				CLANG_CXX_LANGUAGE_STANDARD = "gnu++14";
				CLANG_CXX_LIBRARY = "libc++";
				CLANG_ENABLE_MODULES = YES;
				CLANG_ENABLE_OBJC_ARC = YES;
				CLANG_ENABLE_OBJC_WEAK = YES;
				CLANG_WARN_BLOCK_CAPTURE_AUTORELEASING = YES;
				CLANG_WARN_BOOL_CONVERSION = YES;
				CLANG_WARN_COMMA = YES;
				CLANG_WARN_CONSTANT_CONVERSION = YES;
				CLANG_WARN_DEPRECATED_OBJC_IMPLEMENTATIONS = YES;
				CLANG_WARN_DIRECT_OBJC_ISA_USAGE = YES_ERROR;
				CLANG_WARN_DOCUMENTATION_COMMENTS = YES;
				CLANG_WARN_EMPTY_BODY = YES;
				CLANG_WARN_ENUM_CONVERSION = YES;
				CLANG_WARN_INFINITE_RECURSION = YES;
				CLANG_WARN_INT_CONVERSION = YES;
				CLANG_WARN_NON_LITERAL_NULL_CONVERSION = YES;
				CLANG_WARN_OBJC_IMPLICIT_RETAIN_SELF = YES;
				CLANG_WARN_OBJC_LITERAL_CONVERSION = YES;
				CLANG_WARN_OBJC_ROOT_CLASS = YES_ERROR;
				CLANG_WARN_QUOTED_INCLUDE_IN_FRAMEWORK_HEADER = YES;
				CLANG_WARN_RANGE_LOOP_ANALYSIS = YES;
				CLANG_WARN_STRICT_PROTOTYPES = YES;
				CLANG_WARN_SUSPICIOUS_MOVE = YES;
				CLANG_WARN_UNGUARDED_AVAILABILITY = YES_AGGRESSIVE;
				CLANG_WARN_UNREACHABLE_CODE = YES;
				CLANG_WARN__DUPLICATE_METHOD_MATCH = YES;
				COPY_PHASE_STRIP = NO;
				DEBUG_INFORMATION_FORMAT = dwarf;
				ENABLE_STRICT_OBJC_MSGSEND = YES;
				ENABLE_TESTABILITY = YES;
				GCC_C_LANGUAGE_STANDARD = gnu11;
				GCC_DYNAMIC_NO_PIC = NO;
				GCC_NO_COMMON_BLOCKS = YES;
				GCC_OPTIMIZATION_LEVEL = 0;
				GCC_PREPROCESSOR_DEFINITIONS = (
					"DEBUG=1",
					"$(inherited)",
				);
				GCC_WARN_64_TO_32_BIT_CONVERSION = YES;
				GCC_WARN_ABOUT_RETURN_TYPE = YES_ERROR;
				GCC_WARN_UNDECLARED_SELECTOR = YES;
				GCC_WARN_UNINITIALIZED_AUTOS = YES_AGGRESSIVE;
				GCC_WARN_UNUSED_FUNCTION = YES;
				GCC_WARN_UNUSED_VARIABLE = YES;
				IPHONEOS_DEPLOYMENT_TARGET = 14.5;
				MTL_ENABLE_DEBUG_INFO = INCLUDE_SOURCE;
				MTL_FAST_MATH = YES;
				ONLY_ACTIVE_ARCH = YES;
				SDKROOT = iphoneos;
				SWIFT_ACTIVE_COMPILATION_CONDITIONS = DEBUG;
				SWIFT_OPTIMIZATION_LEVEL = "-Onone";
			};
			name = Debug;
		};
		759E563C269302E200E5FDF1 /* Release */ = {
			isa = XCBuildConfiguration;
			buildSettings = {
				ALWAYS_SEARCH_USER_PATHS = NO;
				CLANG_ANALYZER_NONNULL = YES;
				CLANG_ANALYZER_NUMBER_OBJECT_CONVERSION = YES_AGGRESSIVE;
				CLANG_CXX_LANGUAGE_STANDARD = "gnu++14";
				CLANG_CXX_LIBRARY = "libc++";
				CLANG_ENABLE_MODULES = YES;
				CLANG_ENABLE_OBJC_ARC = YES;
				CLANG_ENABLE_OBJC_WEAK = YES;
				CLANG_WARN_BLOCK_CAPTURE_AUTORELEASING = YES;
				CLANG_WARN_BOOL_CONVERSION = YES;
				CLANG_WARN_COMMA = YES;
				CLANG_WARN_CONSTANT_CONVERSION = YES;
				CLANG_WARN_DEPRECATED_OBJC_IMPLEMENTATIONS = YES;
				CLANG_WARN_DIRECT_OBJC_ISA_USAGE = YES_ERROR;
				CLANG_WARN_DOCUMENTATION_COMMENTS = YES;
				CLANG_WARN_EMPTY_BODY = YES;
				CLANG_WARN_ENUM_CONVERSION = YES;
				CLANG_WARN_INFINITE_RECURSION = YES;
				CLANG_WARN_INT_CONVERSION = YES;
				CLANG_WARN_NON_LITERAL_NULL_CONVERSION = YES;
				CLANG_WARN_OBJC_IMPLICIT_RETAIN_SELF = YES;
				CLANG_WARN_OBJC_LITERAL_CONVERSION = YES;
				CLANG_WARN_OBJC_ROOT_CLASS = YES_ERROR;
				CLANG_WARN_QUOTED_INCLUDE_IN_FRAMEWORK_HEADER = YES;
				CLANG_WARN_RANGE_LOOP_ANALYSIS = YES;
				CLANG_WARN_STRICT_PROTOTYPES = YES;
				CLANG_WARN_SUSPICIOUS_MOVE = YES;
				CLANG_WARN_UNGUARDED_AVAILABILITY = YES_AGGRESSIVE;
				CLANG_WARN_UNREACHABLE_CODE = YES;
				CLANG_WARN__DUPLICATE_METHOD_MATCH = YES;
				COPY_PHASE_STRIP = NO;
				DEBUG_INFORMATION_FORMAT = "dwarf-with-dsym";
				ENABLE_NS_ASSERTIONS = NO;
				ENABLE_STRICT_OBJC_MSGSEND = YES;
				GCC_C_LANGUAGE_STANDARD = gnu11;
				GCC_NO_COMMON_BLOCKS = YES;
				GCC_WARN_64_TO_32_BIT_CONVERSION = YES;
				GCC_WARN_ABOUT_RETURN_TYPE = YES_ERROR;
				GCC_WARN_UNDECLARED_SELECTOR = YES;
				GCC_WARN_UNINITIALIZED_AUTOS = YES_AGGRESSIVE;
				GCC_WARN_UNUSED_FUNCTION = YES;
				GCC_WARN_UNUSED_VARIABLE = YES;
				IPHONEOS_DEPLOYMENT_TARGET = 14.5;
				MTL_ENABLE_DEBUG_INFO = NO;
				MTL_FAST_MATH = YES;
				SDKROOT = iphoneos;
				SWIFT_COMPILATION_MODE = wholemodule;
				SWIFT_OPTIMIZATION_LEVEL = "-O";
				VALIDATE_PRODUCT = YES;
			};
			name = Release;
		};
		759E563E269302E200E5FDF1 /* Debug */ = {
			isa = XCBuildConfiguration;
			baseConfigurationReference = EFECFBF2361BED592715527A /* Pods-GameOfThrones.debug.xcconfig */;
			buildSettings = {
				ASSETCATALOG_COMPILER_APPICON_NAME = AppIcon;
				ASSETCATALOG_COMPILER_GLOBAL_ACCENT_COLOR_NAME = AccentColor;
				CODE_SIGN_STYLE = Automatic;
				DEVELOPMENT_TEAM = 93LUQ3JS6M;
				INFOPLIST_FILE = GameOfThrones/Info.plist;
				LD_RUNPATH_SEARCH_PATHS = (
					"$(inherited)",
					"@executable_path/Frameworks",
				);
				PRODUCT_BUNDLE_IDENTIFIER = com.redegal.GameOfThrones;
				PRODUCT_NAME = "$(TARGET_NAME)";
				SWIFT_VERSION = 5.0;
				TARGETED_DEVICE_FAMILY = "1,2";
			};
			name = Debug;
		};
		759E563F269302E200E5FDF1 /* Release */ = {
			isa = XCBuildConfiguration;
			baseConfigurationReference = 76D48649896925ACF5211149 /* Pods-GameOfThrones.release.xcconfig */;
			buildSettings = {
				ASSETCATALOG_COMPILER_APPICON_NAME = AppIcon;
				ASSETCATALOG_COMPILER_GLOBAL_ACCENT_COLOR_NAME = AccentColor;
				CODE_SIGN_STYLE = Automatic;
				DEVELOPMENT_TEAM = 93LUQ3JS6M;
				INFOPLIST_FILE = GameOfThrones/Info.plist;
				LD_RUNPATH_SEARCH_PATHS = (
					"$(inherited)",
					"@executable_path/Frameworks",
				);
				PRODUCT_BUNDLE_IDENTIFIER = com.redegal.GameOfThrones;
				PRODUCT_NAME = "$(TARGET_NAME)";
				SWIFT_VERSION = 5.0;
				TARGETED_DEVICE_FAMILY = "1,2";
			};
			name = Release;
		};
		759E5641269302E200E5FDF1 /* Debug */ = {
			isa = XCBuildConfiguration;
			buildSettings = {
				ALWAYS_EMBED_SWIFT_STANDARD_LIBRARIES = YES;
				BUNDLE_LOADER = "$(TEST_HOST)";
				CODE_SIGN_STYLE = Automatic;
				DEVELOPMENT_TEAM = 93LUQ3JS6M;
				INFOPLIST_FILE = GameOfThronesTests/Info.plist;
				IPHONEOS_DEPLOYMENT_TARGET = 14.5;
				LD_RUNPATH_SEARCH_PATHS = (
					"$(inherited)",
					"@executable_path/Frameworks",
					"@loader_path/Frameworks",
				);
				PRODUCT_BUNDLE_IDENTIFIER = com.redegal.GameOfThronesTests;
				PRODUCT_NAME = "$(TARGET_NAME)";
				SWIFT_VERSION = 5.0;
				TARGETED_DEVICE_FAMILY = "1,2";
				TEST_HOST = "$(BUILT_PRODUCTS_DIR)/GameOfThrones.app/GameOfThrones";
			};
			name = Debug;
		};
		759E5642269302E200E5FDF1 /* Release */ = {
			isa = XCBuildConfiguration;
			buildSettings = {
				ALWAYS_EMBED_SWIFT_STANDARD_LIBRARIES = YES;
				BUNDLE_LOADER = "$(TEST_HOST)";
				CODE_SIGN_STYLE = Automatic;
				DEVELOPMENT_TEAM = 93LUQ3JS6M;
				INFOPLIST_FILE = GameOfThronesTests/Info.plist;
				IPHONEOS_DEPLOYMENT_TARGET = 14.5;
				LD_RUNPATH_SEARCH_PATHS = (
					"$(inherited)",
					"@executable_path/Frameworks",
					"@loader_path/Frameworks",
				);
				PRODUCT_BUNDLE_IDENTIFIER = com.redegal.GameOfThronesTests;
				PRODUCT_NAME = "$(TARGET_NAME)";
				SWIFT_VERSION = 5.0;
				TARGETED_DEVICE_FAMILY = "1,2";
				TEST_HOST = "$(BUILT_PRODUCTS_DIR)/GameOfThrones.app/GameOfThrones";
			};
			name = Release;
		};
		759E5644269302E200E5FDF1 /* Debug */ = {
			isa = XCBuildConfiguration;
			buildSettings = {
				ALWAYS_EMBED_SWIFT_STANDARD_LIBRARIES = YES;
				CODE_SIGN_STYLE = Automatic;
				DEVELOPMENT_TEAM = 93LUQ3JS6M;
				INFOPLIST_FILE = GameOfThronesUITests/Info.plist;
				LD_RUNPATH_SEARCH_PATHS = (
					"$(inherited)",
					"@executable_path/Frameworks",
					"@loader_path/Frameworks",
				);
				PRODUCT_BUNDLE_IDENTIFIER = com.redegal.GameOfThronesUITests;
				PRODUCT_NAME = "$(TARGET_NAME)";
				SWIFT_VERSION = 5.0;
				TARGETED_DEVICE_FAMILY = "1,2";
				TEST_TARGET_NAME = GameOfThrones;
			};
			name = Debug;
		};
		759E5645269302E200E5FDF1 /* Release */ = {
			isa = XCBuildConfiguration;
			buildSettings = {
				ALWAYS_EMBED_SWIFT_STANDARD_LIBRARIES = YES;
				CODE_SIGN_STYLE = Automatic;
				DEVELOPMENT_TEAM = 93LUQ3JS6M;
				INFOPLIST_FILE = GameOfThronesUITests/Info.plist;
				LD_RUNPATH_SEARCH_PATHS = (
					"$(inherited)",
					"@executable_path/Frameworks",
					"@loader_path/Frameworks",
				);
				PRODUCT_BUNDLE_IDENTIFIER = com.redegal.GameOfThronesUITests;
				PRODUCT_NAME = "$(TARGET_NAME)";
				SWIFT_VERSION = 5.0;
				TARGETED_DEVICE_FAMILY = "1,2";
				TEST_TARGET_NAME = GameOfThrones;
			};
			name = Release;
		};
/* End XCBuildConfiguration section */

/* Begin XCConfigurationList section */
		759E560B269302DD00E5FDF1 /* Build configuration list for PBXProject "GameOfThrones" */ = {
			isa = XCConfigurationList;
			buildConfigurations = (
				759E563B269302E200E5FDF1 /* Debug */,
				759E563C269302E200E5FDF1 /* Release */,
			);
			defaultConfigurationIsVisible = 0;
			defaultConfigurationName = Release;
		};
		759E563D269302E200E5FDF1 /* Build configuration list for PBXNativeTarget "GameOfThrones" */ = {
			isa = XCConfigurationList;
			buildConfigurations = (
				759E563E269302E200E5FDF1 /* Debug */,
				759E563F269302E200E5FDF1 /* Release */,
			);
			defaultConfigurationIsVisible = 0;
			defaultConfigurationName = Release;
		};
		759E5640269302E200E5FDF1 /* Build configuration list for PBXNativeTarget "GameOfThronesTests" */ = {
			isa = XCConfigurationList;
			buildConfigurations = (
				759E5641269302E200E5FDF1 /* Debug */,
				759E5642269302E200E5FDF1 /* Release */,
			);
			defaultConfigurationIsVisible = 0;
			defaultConfigurationName = Release;
		};
		759E5643269302E200E5FDF1 /* Build configuration list for PBXNativeTarget "GameOfThronesUITests" */ = {
			isa = XCConfigurationList;
			buildConfigurations = (
				759E5644269302E200E5FDF1 /* Debug */,
				759E5645269302E200E5FDF1 /* Release */,
			);
			defaultConfigurationIsVisible = 0;
			defaultConfigurationName = Release;
		};
/* End XCConfigurationList section */
	};
	rootObject = 759E5608269302DD00E5FDF1 /* Project object */;
}
